<?xml version="1.0" encoding="utf-8"?>
<Project ToolsVersion="4.0" xmlns="http://schemas.microsoft.com/developer/msbuild/2003">
  <ItemGroup>
    <Filter Include="Source Files">
      <UniqueIdentifier>{4FC737F1-C7A5-4376-A066-2A32D752A2FF}</UniqueIdentifier>
      <Extensions>cpp;c;cc;cxx;def;odl;idl;hpj;bat;asm;asmx</Extensions>
    </Filter>
    <Filter Include="Header Files">
      <UniqueIdentifier>{93995380-89BD-4b04-88EB-625FBE52EBFB}</UniqueIdentifier>
      <Extensions>h;hh;hpp;hxx;hm;inl;inc;ipp;xsd</Extensions>
    </Filter>
    <Filter Include="Resource Files">
      <UniqueIdentifier>{67DA6AB6-F800-4c08-8B7A-83BB121AAD01}</UniqueIdentifier>
      <Extensions>rc;ico;cur;bmp;dlg;rc2;rct;bin;rgs;gif;jpg;jpeg;jpe;resx;tiff;tif;png;wav;mfcribbon-ms</Extensions>
    </Filter>
    <Filter Include="Dependencies">
      <UniqueIdentifier>{c608a0f8-ae60-4a5f-b988-337fb8043dfd}</UniqueIdentifier>
    </Filter>
    <Filter Include="Dependencies\FTP">
      <UniqueIdentifier>{aae75056-b3af-4e1f-a163-9c0bc5445fe9}</UniqueIdentifier>
    </Filter>
    <Filter Include="Dependencies\libcurl">
      <UniqueIdentifier>{3387eb03-4f19-4eb2-875d-af8fe058fd0b}</UniqueIdentifier>
    </Filter>
  </ItemGroup>
  <ItemGroup>
    <ClCompile Include="Main.cpp">
      <Filter>Source Files</Filter>
    </ClCompile>
    <ClCompile Include="..\dependencies\FTP\FTPClient.cpp">
      <Filter>Dependencies\FTP</Filter>
    </ClCompile>
    <ClCompile Include="Downloader.cpp">
      <Filter>Source Files</Filter>
    </ClCompile>
  </ItemGroup>
  <ItemGroup>
    <ClInclude Include="..\dependencies\FTP\FTPClient.h">
      <Filter>Dependencies\FTP</Filter>
    </ClInclude>
    <ClInclude Include="Downloader.h">
      <Filter>Header Files</Filter>
    </ClInclude>
  </ItemGroup>
  <ItemGroup>
    <Library Include="..\dependencies\curl\build\Win32\VC15\LIB Release\libcurl.lib">
      <Filter>Dependencies\libcurl</Filter>
    </Library>
  </ItemGroup>
</Project>